{
  "nodes": {
    "darwin": {
      "inputs": {
        "nixpkgs": [
          "nixpkgs"
        ]
      },
      "locked": {
        "lastModified": 1671329826,
        "narHash": "sha256-Dv2refU5Q5C/3W5osuIbto1xeEQYVYTZkTD/glnQNho=",
        "owner": "kclejeune",
        "repo": "nix-darwin",
        "rev": "7c597f21bc8596f91ffa2657848d178d8817a63e",
        "type": "github"
      },
      "original": {
        "owner": "kclejeune",
        "repo": "nix-darwin",
        "type": "github"
      }
    },
    "devshell": {
      "inputs": {
        "flake-utils": [
          "flake-utils"
        ],
        "nixpkgs": [
          "nixpkgs"
        ]
      },
      "locked": {
        "lastModified": 1671489820,
        "narHash": "sha256-qoei5HDJ8psd1YUPD7DhbHdhLIT9L2nadscp4Qk37uk=",
        "owner": "numtide",
        "repo": "devshell",
        "rev": "5aa3a8039c68b4bf869327446590f4cdf90bb634",
        "type": "github"
      },
      "original": {
        "owner": "numtide",
        "repo": "devshell",
        "type": "github"
      }
    },
    "doom-emacs-source": {
      "flake": false,
      "locked": {
        "lastModified": 1669937766,
        "narHash": "sha256-7AzL08qo5WLeJo10lnF2b7g6FdWnExVYS8yipNyAMMM=",
        "owner": "hlissner",
        "repo": "doom-emacs",
        "rev": "d5ccac5d71c819035fa251f01d023b3f94b4fba4",
        "type": "github"
      },
      "original": {
        "owner": "hlissner",
        "ref": "master",
        "repo": "doom-emacs",
        "type": "github"
      }
    },
    "emacs-overlay": {
      "inputs": {
        "flake-utils": "flake-utils",
        "nixpkgs": "nixpkgs"
      },
      "locked": {
        "lastModified": 1671790997,
        "narHash": "sha256-9Z36wBUxfhEtOfa4SekpJFckSK6XxOBBUAeqMlH7T7o=",
        "owner": "nix-community",
        "repo": "emacs-overlay",
        "rev": "ad814066607eb2b9400f7f7dbb45eea5178d295c",
        "type": "github"
      },
      "original": {
        "owner": "nix-community",
        "repo": "emacs-overlay",
        "type": "github"
      }
    },
    "flake-utils": {
      "locked": {
        "lastModified": 1667395993,
        "narHash": "sha256-nuEHfE/LcWyuSWnS8t12N1wc105Qtau+/OdUAjtQ0rA=",
        "owner": "numtide",
        "repo": "flake-utils",
        "rev": "5aed5285a952e0b949eb3ba02c12fa4fcfef535f",
        "type": "github"
      },
      "original": {
        "owner": "numtide",
        "repo": "flake-utils",
        "type": "github"
      }
    },
    "flake-utils_2": {
      "locked": {
        "lastModified": 1667395993,
        "narHash": "sha256-nuEHfE/LcWyuSWnS8t12N1wc105Qtau+/OdUAjtQ0rA=",
        "owner": "numtide",
        "repo": "flake-utils",
        "rev": "5aed5285a952e0b949eb3ba02c12fa4fcfef535f",
        "type": "github"
      },
      "original": {
        "owner": "numtide",
        "repo": "flake-utils",
        "type": "github"
      }
    },
    "home-manager": {
      "inputs": {
        "nixpkgs": [
          "nixpkgs"
        ],
        "utils": "utils"
      },
      "locked": {
        "lastModified": 1671786159,
        "narHash": "sha256-Aeh1ZlQoeRH1zXGHgNA1s/SoReRJeP9BEMvay23catk=",
        "owner": "nix-community",
        "repo": "home-manager",
        "rev": "eb9ff9556d60f9763aac88de7a50b1a1c7a1e235",
        "type": "github"
      },
      "original": {
        "owner": "nix-community",
        "repo": "home-manager",
        "type": "github"
      }
    },
    "nixos-hardware": {
      "locked": {
        "lastModified": 1671631481,
        "narHash": "sha256-LP6NvQQNKdqDpXngECo6oCiWfYRb0KPGM5+D5lu7mPw=",
        "owner": "nixos",
        "repo": "nixos-hardware",
        "rev": "9577ab1eaf01a738b015a7a7ab2a4616e158b6cd",
        "type": "github"
      },
      "original": {
        "owner": "nixos",
        "repo": "nixos-hardware",
        "type": "github"
      }
    },
    "nixos-unstable": {
      "locked": {
        "lastModified": 1671359686,
        "narHash": "sha256-3MpC6yZo+Xn9cPordGz2/ii6IJpP2n8LE8e/ebUXLrs=",
        "owner": "nixos",
        "repo": "nixpkgs",
        "rev": "04f574a1c0fde90b51bf68198e2297ca4e7cccf4",
        "type": "github"
      },
      "original": {
        "owner": "nixos",
        "ref": "nixos-unstable",
        "repo": "nixpkgs",
        "type": "github"
      }
    },
    "nixpkgs": {
      "locked": {
        "lastModified": 1671728284,
        "narHash": "sha256-u5Tlz4bl2vb9CB+L/A/Xp8F32062vo3K6yl7J9FBXdc=",
        "owner": "NixOS",
        "repo": "nixpkgs",
        "rev": "7ba7b4599367c07f2f5d1e26151b68a71a1336b2",
        "type": "github"
      },
      "original": {
        "id": "nixpkgs",
        "type": "indirect"
      }
    },
    "nixpkgs_2": {
      "locked": {
        "lastModified": 1671728284,
        "narHash": "sha256-u5Tlz4bl2vb9CB+L/A/Xp8F32062vo3K6yl7J9FBXdc=",
        "owner": "nixos",
        "repo": "nixpkgs",
        "rev": "7ba7b4599367c07f2f5d1e26151b68a71a1336b2",
        "type": "github"
      },
      "original": {
        "owner": "nixos",
        "ref": "nixpkgs-unstable",
        "repo": "nixpkgs",
        "type": "github"
      }
    },
    "root": {
      "inputs": {
        "darwin": "darwin",
        "devshell": "devshell",
        "doom-emacs-source": "doom-emacs-source",
        "emacs-overlay": "emacs-overlay",
        "flake-utils": "flake-utils_2",
        "home-manager": "home-manager",
        "nixos-hardware": "nixos-hardware",
        "nixos-unstable": "nixos-unstable",
        "nixpkgs": "nixpkgs_2",
        "small": "small",
        "stable": "stable"
      }
    },
    "small": {
      "locked": {
        "lastModified": 1671755972,
        "narHash": "sha256-X977apvpqBqqRf2XBNorfunZmQNn3cQYGEnQE4L90Fo=",
        "owner": "nixos",
        "repo": "nixpkgs",
        "rev": "e8ee153b1717dca9c6aa38d5cf198329480d5b41",
        "type": "github"
      },
      "original": {
        "owner": "nixos",
        "ref": "nixos-unstable-small",
        "repo": "nixpkgs",
        "type": "github"
      }
    },
    "stable": {
      "locked": {
        "lastModified": 1671525405,
        "narHash": "sha256-MEgNxm/oRt5w4ycMENewfZQKOak0ixmjVPfXM96N1FA=",
        "owner": "nixos",
        "repo": "nixpkgs",
        "rev": "cbe419ed4c8f98bd82d169c321d339ea30904f1f",
        "type": "github"
      },
      "original": {
        "owner": "nixos",
        "ref": "nixos-22.11",
        "repo": "nixpkgs",
        "type": "github"
      }
    },
    "utils": {
      "locked": {
        "lastModified": 1667395993,
        "narHash": "sha256-nuEHfE/LcWyuSWnS8t12N1wc105Qtau+/OdUAjtQ0rA=",
        "owner": "numtide",
        "repo": "flake-utils",
        "rev": "5aed5285a952e0b949eb3ba02c12fa4fcfef535f",
        "type": "github"
      },
      "original": {
        "owner": "numtide",
        "repo": "flake-utils",
        "type": "github"
      }
    }
  },
  "root": "root",
  "version": 7
}
